
Microsoft Visual Studio Solution File, Format Version 12.00
# Visual Studio 2013
VisualStudioVersion = 12.0.21005.1
MinimumVisualStudioVersion = 10.0.40219.1
Project("{FAE04EC0-301F-11D3-BF4B-00C04F79EFBC}") = "20234764이기민.과제3", "20234764이기민.과제3\20234764이기민.과제3.csproj", "{1DF7EEBB-4E55-4D48-8909-AB1E17CF94BD}"
EndProject
Global
	GlobalSection(SolutionConfigurationPlatforms) = preSolution
		Debug|Any CPU = Debug|Any CPU
		Release|Any CPU = Release|Any CPU
	EndGlobalSection
	GlobalSection(ProjectConfigurationPlatforms) = postSolution
		{1DF7EEBB-4E55-4D48-8909-AB1E17CF94BD}.Debug|Any CPU.ActiveCfg = Debug|Any CPU
		{1DF7EEBB-4E55-4D48-8909-AB1E17CF94BD}.Debug|Any CPU.Build.0 = Debug|Any CPU
		{1DF7EEBB-4E55-4D48-8909-AB1E17CF94BD}.Release|Any CPU.ActiveCfg = Release|Any CPU
		{1DF7EEBB-4E55-4D48-8909-AB1E17CF94BD}.Release|Any CPU.Build.0 = Release|Any CPU
	EndGlobalSection
	GlobalSection(SolutionProperties) = preSolution
		HideSolutionNode = FALSE
	EndGlobalSection
EndGlobal
