
Microsoft Visual Studio Solution File, Format Version 12.00
# Visual Studio Version 17
VisualStudioVersion = 17.5.33516.290
MinimumVisualStudioVersion = 10.0.40219.1
Project("{FAE04EC0-301F-11D3-BF4B-00C04F79EFBC}") = "20234764이기민_과제2", "20234764이기민_과제2\20234764이기민_과제2.csproj", "{CF3A5DBB-55DB-416E-AE40-3BEB1C1A2368}"
EndProject
Global
	GlobalSection(SolutionConfigurationPlatforms) = preSolution
		Debug|Any CPU = Debug|Any CPU
		Release|Any CPU = Release|Any CPU
	EndGlobalSection
	GlobalSection(ProjectConfigurationPlatforms) = postSolution
		{CF3A5DBB-55DB-416E-AE40-3BEB1C1A2368}.Debug|Any CPU.ActiveCfg = Debug|Any CPU
		{CF3A5DBB-55DB-416E-AE40-3BEB1C1A2368}.Debug|Any CPU.Build.0 = Debug|Any CPU
		{CF3A5DBB-55DB-416E-AE40-3BEB1C1A2368}.Release|Any CPU.ActiveCfg = Release|Any CPU
		{CF3A5DBB-55DB-416E-AE40-3BEB1C1A2368}.Release|Any CPU.Build.0 = Release|Any CPU
	EndGlobalSection
	GlobalSection(SolutionProperties) = preSolution
		HideSolutionNode = FALSE
	EndGlobalSection
	GlobalSection(ExtensibilityGlobals) = postSolution
		SolutionGuid = {64E58742-1CC0-490E-9DD8-0A8786BEF879}
	EndGlobalSection
EndGlobal
