
Microsoft Visual Studio Solution File, Format Version 12.00
# Visual Studio Version 17
VisualStudioVersion = 17.5.33516.290
MinimumVisualStudioVersion = 10.0.40219.1
Project("{FAE04EC0-301F-11D3-BF4B-00C04F79EFBC}") = "20234764 이기민_과제4", "20234764 이기민_과제4\20234764 이기민_과제4.csproj", "{B5448FDD-95F8-49A0-9088-2070285C253D}"
EndProject
Global
	GlobalSection(SolutionConfigurationPlatforms) = preSolution
		Debug|Any CPU = Debug|Any CPU
		Release|Any CPU = Release|Any CPU
	EndGlobalSection
	GlobalSection(ProjectConfigurationPlatforms) = postSolution
		{B5448FDD-95F8-49A0-9088-2070285C253D}.Debug|Any CPU.ActiveCfg = Debug|Any CPU
		{B5448FDD-95F8-49A0-9088-2070285C253D}.Debug|Any CPU.Build.0 = Debug|Any CPU
		{B5448FDD-95F8-49A0-9088-2070285C253D}.Release|Any CPU.ActiveCfg = Release|Any CPU
		{B5448FDD-95F8-49A0-9088-2070285C253D}.Release|Any CPU.Build.0 = Release|Any CPU
	EndGlobalSection
	GlobalSection(SolutionProperties) = preSolution
		HideSolutionNode = FALSE
	EndGlobalSection
	GlobalSection(ExtensibilityGlobals) = postSolution
		SolutionGuid = {645D12C0-26A8-4F00-AF57-8DB776E6FAA1}
	EndGlobalSection
EndGlobal
