
Microsoft Visual Studio Solution File, Format Version 12.00
# Visual Studio Version 17
VisualStudioVersion = 17.5.33516.290
MinimumVisualStudioVersion = 10.0.40219.1
Project("{9A19103F-16F7-4668-BE54-9A1E7A4F7556}") = "20234764이기민_10주차 과제1", "20234764이기민_9주차 과제1\20234764이기민_10주차 과제1.csproj", "{A9BF4707-09FF-4E78-9B2C-A724311BDCFC}"
EndProject
Global
	GlobalSection(SolutionConfigurationPlatforms) = preSolution
		Debug|Any CPU = Debug|Any CPU
		Release|Any CPU = Release|Any CPU
	EndGlobalSection
	GlobalSection(ProjectConfigurationPlatforms) = postSolution
		{A9BF4707-09FF-4E78-9B2C-A724311BDCFC}.Debug|Any CPU.ActiveCfg = Debug|Any CPU
		{A9BF4707-09FF-4E78-9B2C-A724311BDCFC}.Debug|Any CPU.Build.0 = Debug|Any CPU
		{A9BF4707-09FF-4E78-9B2C-A724311BDCFC}.Release|Any CPU.ActiveCfg = Release|Any CPU
		{A9BF4707-09FF-4E78-9B2C-A724311BDCFC}.Release|Any CPU.Build.0 = Release|Any CPU
	EndGlobalSection
	GlobalSection(SolutionProperties) = preSolution
		HideSolutionNode = FALSE
	EndGlobalSection
	GlobalSection(ExtensibilityGlobals) = postSolution
		SolutionGuid = {E68D5A49-D687-4FDE-80ED-16546483AC84}
	EndGlobalSection
EndGlobal
