
Microsoft Visual Studio Solution File, Format Version 12.00
# Visual Studio Version 17
VisualStudioVersion = 17.5.33516.290
MinimumVisualStudioVersion = 10.0.40219.1
Project("{FAE04EC0-301F-11D3-BF4B-00C04F79EFBC}") = "20234764이기민__과제2", "20234764이기민__과제2\20234764이기민__과제2.csproj", "{13D1E506-1705-4AC0-83F0-1AFC23AA78BD}"
EndProject
Global
	GlobalSection(SolutionConfigurationPlatforms) = preSolution
		Debug|Any CPU = Debug|Any CPU
		Release|Any CPU = Release|Any CPU
	EndGlobalSection
	GlobalSection(ProjectConfigurationPlatforms) = postSolution
		{13D1E506-1705-4AC0-83F0-1AFC23AA78BD}.Debug|Any CPU.ActiveCfg = Debug|Any CPU
		{13D1E506-1705-4AC0-83F0-1AFC23AA78BD}.Debug|Any CPU.Build.0 = Debug|Any CPU
		{13D1E506-1705-4AC0-83F0-1AFC23AA78BD}.Release|Any CPU.ActiveCfg = Release|Any CPU
		{13D1E506-1705-4AC0-83F0-1AFC23AA78BD}.Release|Any CPU.Build.0 = Release|Any CPU
	EndGlobalSection
	GlobalSection(SolutionProperties) = preSolution
		HideSolutionNode = FALSE
	EndGlobalSection
	GlobalSection(ExtensibilityGlobals) = postSolution
		SolutionGuid = {7C6450CD-7E32-4263-9713-EA3943ED1934}
	EndGlobalSection
EndGlobal
