
Microsoft Visual Studio Solution File, Format Version 12.00
# Visual Studio Version 17
VisualStudioVersion = 17.5.33516.290
MinimumVisualStudioVersion = 10.0.40219.1
Project("{FAE04EC0-301F-11D3-BF4B-00C04F79EFBC}") = "20234764 이기민_과제3", "20234764 이기민_과제3\20234764 이기민_과제3.csproj", "{B91AC762-4998-469A-9932-B8AA0E30E548}"
EndProject
Global
	GlobalSection(SolutionConfigurationPlatforms) = preSolution
		Debug|Any CPU = Debug|Any CPU
		Release|Any CPU = Release|Any CPU
	EndGlobalSection
	GlobalSection(ProjectConfigurationPlatforms) = postSolution
		{B91AC762-4998-469A-9932-B8AA0E30E548}.Debug|Any CPU.ActiveCfg = Debug|Any CPU
		{B91AC762-4998-469A-9932-B8AA0E30E548}.Debug|Any CPU.Build.0 = Debug|Any CPU
		{B91AC762-4998-469A-9932-B8AA0E30E548}.Release|Any CPU.ActiveCfg = Release|Any CPU
		{B91AC762-4998-469A-9932-B8AA0E30E548}.Release|Any CPU.Build.0 = Release|Any CPU
	EndGlobalSection
	GlobalSection(SolutionProperties) = preSolution
		HideSolutionNode = FALSE
	EndGlobalSection
	GlobalSection(ExtensibilityGlobals) = postSolution
		SolutionGuid = {A0BA3116-F5E8-4D69-957D-9B1DB7CA3E5A}
	EndGlobalSection
EndGlobal
